// !$*UTF8*$!
{
	archiveVersion = 1;
	classes = {
	};
	objectVersion = 50;
	objects = {

/* Begin PBXBuildFile section */
		22A129FC220F1B6D0021AB38 /* AppDelegate.swift in Sources */ = {isa = PBXBuildFile; fileRef = 22A129FB220F1B6D0021AB38 /* AppDelegate.swift */; };
		22A129FE220F1B6D0021AB38 /* ViewController.swift in Sources */ = {isa = PBXBuildFile; fileRef = 22A129FD220F1B6D0021AB38 /* ViewController.swift */; };
		22A12A01220F1B6D0021AB38 /* Main.storyboard in Resources */ = {isa = PBXBuildFile; fileRef = 22A129FF220F1B6D0021AB38 /* Main.storyboard */; };
		22A12A03220F1B6F0021AB38 /* Assets.xcassets in Resources */ = {isa = PBXBuildFile; fileRef = 22A12A02220F1B6F0021AB38 /* Assets.xcassets */; };
		22A12A06220F1B6F0021AB38 /* LaunchScreen.storyboard in Resources */ = {isa = PBXBuildFile; fileRef = 22A12A04220F1B6F0021AB38 /* LaunchScreen.storyboard */; };
/* End PBXBuildFile section */

/* Begin PBXFileReference section */
		22A129F8220F1B6D0021AB38 /* The Healer.app */ = {isa = PBXFileReference; explicitFileType = wrapper.application; includeInIndex = 0; path = "The Healer.app"; sourceTree = BUILT_PRODUCTS_DIR; };
		22A129FB220F1B6D0021AB38 /* AppDelegate.swift */ = {isa = PBXFileReference; lastKnownFileType = sourcecode.swift; path = AppDelegate.swift; sourceTree = "<group>"; };
		22A129FD220F1B6D0021AB38 /* ViewController.swift */ = {isa = PBXFileReference; lastKnownFileType = sourcecode.swift; path = ViewController.swift; sourceTree = "<group>"; };
		22A12A00220F1B6D0021AB38 /* Base */ = {isa = PBXFileReference; lastKnownFileType = file.storyboard; name = Base; path = Base.lproj/Main.storyboard; sourceTree = "<group>"; };
		22A12A02220F1B6F0021AB38 /* Assets.xcassets */ = {isa = PBXFileReference; lastKnownFileType = folder.assetcatalog; path = Assets.xcassets; sourceTree = "<group>"; };
		22A12A05220F1B6F0021AB38 /* Base */ = {isa = PBXFileReference; lastKnownFileType = file.storyboard; name = Base; path = Base.lproj/LaunchScreen.storyboard; sourceTree = "<group>"; };
		22A12A07220F1B6F0021AB38 /* Info.plist */ = {isa = PBXFileReference; lastKnownFileType = text.plist.xml; path = Info.plist; sourceTree = "<group>"; };
/* End PBXFileReference section */

/* Begin PBXFrameworksBuildPhase section */
		22A129F5220F1B6D0021AB38 /* Frameworks */ = {
			isa = PBXFrameworksBuildPhase;
			buildActionMask = 2147483647;
			files = (
			);
			runOnlyForDeploymentPostprocessing = 0;
		};
/* End PBXFrameworksBuildPhase section */

/* Begin PBXGroup section */
		22A129EF220F1B6D0021AB38 = {
			isa = PBXGroup;
			children = (
				22A129FA220F1B6D0021AB38 /* The Healer */,
				22A129F9220F1B6D0021AB38 /* Products */,
			);
			sourceTree = "<group>";
		};
		22A129F9220F1B6D0021AB38 /* Products */ = {
			isa = PBXGroup;
			children = (
				22A129F8220F1B6D0021AB38 /* The Healer.app */,
			);
			name = Products;
			sourceTree = "<group>";
		};
		22A129FA220F1B6D0021AB38 /* The Healer */ = {
			isa = PBXGroup;
			children = (
				22A129FB220F1B6D0021AB38 /* AppDelegate.swift */,
				22A129FD220F1B6D0021AB38 /* ViewController.swift */,
				22A129FF220F1B6D0021AB38 /* Main.storyboard */,
				22A12A02220F1B6F0021AB38 /* Assets.xcassets */,
				22A12A04220F1B6F0021AB38 /* LaunchScreen.storyboard */,
				22A12A07220F1B6F0021AB38 /* Info.plist */,
			);
			path = "The Healer";
			sourceTree = "<group>";
		};
/* End PBXGroup section */

/* Begin PBXNativeTarget section */
		22A129F7220F1B6D0021AB38 /* The Healer */ = {
			isa = PBXNativeTarget;
			buildConfigurationList = 22A12A0A220F1B6F0021AB38 /* Build configuration list for PBXNativeTarget "The Healer" */;
			buildPhases = (
				22A129F4220F1B6D0021AB38 /* Sources */,
				22A129F5220F1B6D0021AB38 /* Frameworks */,
				22A129F6220F1B6D0021AB38 /* Resources */,
			);
			buildRules = (
			);
			dependencies = (
			);
			name = "The Healer";
			productName = "The Healer";
			productReference = 22A129F8220F1B6D0021AB38 /* The Healer.app */;
			productType = "com.apple.product-type.application";
		};
/* End PBXNativeTarget section */

/* Begin PBXProject section */
		22A129F0220F1B6D0021AB38 /* Project object */ = {
			isa = PBXProject;
			attributes = {
				LastSwiftUpdateCheck = 1010;
				LastUpgradeCheck = 1010;
				ORGANIZATIONNAME = Alidion;
				TargetAttributes = {
					22A129F7220F1B6D0021AB38 = {
						CreatedOnToolsVersion = 10.1;
					};
				};
			};
			buildConfigurationList = 22A129F3220F1B6D0021AB38 /* Build configuration list for PBXProject "The Healer" */;
			compatibilityVersion = "Xcode 9.3";
			developmentRegion = en;
			hasScannedForEncodings = 0;
			knownRegions = (
				en,
				Base,
			);
			mainGroup = 22A129EF220F1B6D0021AB38;
			productRefGroup = 22A129F9220F1B6D0021AB38 /* Products */;
			projectDirPath = "";
			projectRoot = "";
			targets = (
				22A129F7220F1B6D0021AB38 /* The Healer */,
			);
		};
/* End PBXProject section */

/* Begin PBXResourcesBuildPhase section */
		22A129F6220F1B6D0021AB38 /* Resources */ = {
			isa = PBXResourcesBuildPhase;
			buildActionMask = 2147483647;
			files = (
				22A12A06220F1B6F0021AB38 /* LaunchScreen.storyboard in Resources */,
				22A12A03220F1B6F0021AB38 /* Assets.xcassets in Resources */,
				22A12A01220F1B6D0021AB38 /* Main.storyboard in Resources */,
			);
			runOnlyForDeploymentPostprocessing = 0;
		};
/* End PBXResourcesBuildPhase section */

/* Begin PBXSourcesBuildPhase section */
		22A129F4220F1B6D0021AB38 /* Sources */ = {
			isa = PBXSourcesBuildPhase;
			buildActionMask = 2147483647;
			files = (
				22A129FE220F1B6D0021AB38 /* ViewController.swift in Sources */,
				22A129FC220F1B6D0021AB38 /* AppDelegate.swift in Sources */,
			);
			runOnlyForDeploymentPostprocessing = 0;
		};
/* End PBXSourcesBuildPhase section */

/* Begin PBXVariantGroup section */
		22A129FF220F1B6D0021AB38 /* Main.storyboard */ = {
			isa = PBXVariantGroup;
			children = (
				22A12A00220F1B6D0021AB38 /* Base */,
			);
			name = Main.storyboard;
			sourceTree = "<group>";
		};
		22A12A04220F1B6F0021AB38 /* LaunchScreen.storyboard */ = {
			isa = PBXVariantGroup;
			children = (
				22A12A05220F1B6F0021AB38 /* Base */,
			);
			name = LaunchScreen.storyboard;
			sourceTree = "<group>";
		};
/* End PBXVariantGroup section */

/* Begin XCBuildConfiguration section */
		22A12A08220F1B6F0021AB38 /* Debug */ = {
			isa = XCBuildConfiguration;
			buildSettings = {
				ALWAYS_SEARCH_USER_PATHS = NO;
				CLANG_ANALYZER_NONNULL = YES;
				CLANG_ANALYZER_NUMBER_OBJECT_CONVERSION = YES_AGGRESSIVE;
				CLANG_CXX_LANGUAGE_STANDARD = "gnu++14";
				CLANG_CXX_LIBRARY = "libc++";
				CLANG_ENABLE_MODULES = YES;
				CLANG_ENABLE_OBJC_ARC = YES;
				CLANG_ENABLE_OBJC_WEAK = YES;
				CLANG_WARN_BLOCK_CAPTURE_AUTORELEASING = YES;
				CLANG_WARN_BOOL_CONVERSION = YES;
				CLANG_WARN_COMMA = YES;
				CLANG_WARN_CONSTANT_CONVERSION = YES;
				CLANG_WARN_DEPRECATED_OBJC_IMPLEMENTATIONS = YES;
				CLANG_WARN_DIRECT_OBJC_ISA_USAGE = YES_ERROR;
				CLANG_WARN_DOCUMENTATION_COMMENTS = YES;
				CLANG_WARN_EMPTY_BODY = YES;
				CLANG_WARN_ENUM_CONVERSION = YES;
				CLANG_WARN_INFINITE_RECURSION = YES;
				CLANG_WARN_INT_CONVERSION = YES;
				CLANG_WARN_NON_LITERAL_NULL_CONVERSION = YES;
				CLANG_WARN_OBJC_IMPLICIT_RETAIN_SELF = YES;
				CLANG_WARN_OBJC_LITERAL_CONVERSION = YES;
				CLANG_WARN_OBJC_ROOT_CLASS = YES_ERROR;
				CLANG_WARN_RANGE_LOOP_ANALYSIS = YES;
				CLANG_WARN_STRICT_PROTOTYPES = YES;
				CLANG_WARN_SUSPICIOUS_MOVE = YES;
				CLANG_WARN_UNGUARDED_AVAILABILITY = YES_AGGRESSIVE;
				CLANG_WARN_UNREACHABLE_CODE = YES;
				CLANG_WARN__DUPLICATE_METHOD_MATCH = YES;
				CODE_SIGN_IDENTITY = "iPhone Developer";
				COPY_PHASE_STRIP = NO;
				DEBUG_INFORMATION_FORMAT = dwarf;
				ENABLE_STRICT_OBJC_MSGSEND = YES;
				ENABLE_TESTABILITY = YES;
				GCC_C_LANGUAGE_STANDARD = gnu11;
				GCC_DYNAMIC_NO_PIC = NO;
				GCC_NO_COMMON_BLOCKS = YES;
				GCC_OPTIMIZATION_LEVEL = 0;
				GCC_PREPROCESSOR_DEFINITIONS = (
					"DEBUG=1",
					"$(inherited)",
				);
				GCC_WARN_64_TO_32_BIT_CONVERSION = YES;
				GCC_WARN_ABOUT_RETURN_TYPE = YES_ERROR;
				GCC_WARN_UNDECLARED_SELECTOR = YES;
				GCC_WARN_UNINITIALIZED_AUTOS = YES_AGGRESSIVE;
				GCC_WARN_UNUSED_FUNCTION = YES;
				GCC_WARN_UNUSED_VARIABLE = YES;
				IPHONEOS_DEPLOYMENT_TARGET = 12.1;
				MTL_ENABLE_DEBUG_INFO = INCLUDE_SOURCE;
				MTL_FAST_MATH = YES;
				ONLY_ACTIVE_ARCH = YES;
				SDKROOT = iphoneos;
				SWIFT_ACTIVE_COMPILATION_CONDITIONS = DEBUG;
				SWIFT_OPTIMIZATION_LEVEL = "-Onone";
			};
			name = Debug;
		};
		22A12A09220F1B6F0021AB38 /* Release */ = {
			isa = XCBuildConfiguration;
			buildSettings = {
				ALWAYS_SEARCH_USER_PATHS = NO;
				CLANG_ANALYZER_NONNULL = YES;
				CLANG_ANALYZER_NUMBER_OBJECT_CONVERSION = YES_AGGRESSIVE;
				CLANG_CXX_LANGUAGE_STANDARD = "gnu++14";
				CLANG_CXX_LIBRARY = "libc++";
				CLANG_ENABLE_MODULES = YES;
				CLANG_ENABLE_OBJC_ARC = YES;
				CLANG_ENABLE_OBJC_WEAK = YES;
				CLANG_WARN_BLOCK_CAPTURE_AUTORELEASING = YES;
				CLANG_WARN_BOOL_CONVERSION = YES;
				CLANG_WARN_COMMA = YES;
				CLANG_WARN_CONSTANT_CONVERSION = YES;
				CLANG_WARN_DEPRECATED_OBJC_IMPLEMENTATIONS = YES;
				CLANG_WARN_DIRECT_OBJC_ISA_USAGE = YES_ERROR;
				CLANG_WARN_DOCUMENTATION_COMMENTS = YES;
				CLANG_WARN_EMPTY_BODY = YES;
				CLANG_WARN_ENUM_CONVERSION = YES;
				CLANG_WARN_INFINITE_RECURSION = YES;
				CLANG_WARN_INT_CONVERSION = YES;
				CLANG_WARN_NON_LITERAL_NULL_CONVERSION = YES;
				CLANG_WARN_OBJC_IMPLICIT_RETAIN_SELF = YES;
				CLANG_WARN_OBJC_LITERAL_CONVERSION = YES;
				CLANG_WARN_OBJC_ROOT_CLASS = YES_ERROR;
				CLANG_WARN_RANGE_LOOP_ANALYSIS = YES;
				CLANG_WARN_STRICT_PROTOTYPES = YES;
				CLANG_WARN_SUSPICIOUS_MOVE = YES;
				CLANG_WARN_UNGUARDED_AVAILABILITY = YES_AGGRESSIVE;
				CLANG_WARN_UNREACHABLE_CODE = YES;
				CLANG_WARN__DUPLICATE_METHOD_MATCH = YES;
				CODE_SIGN_IDENTITY = "iPhone Developer";
				COPY_PHASE_STRIP = NO;
				DEBUG_INFORMATION_FORMAT = "dwarf-with-dsym";
				ENABLE_NS_ASSERTIONS = NO;
				ENABLE_STRICT_OBJC_MSGSEND = YES;
				GCC_C_LANGUAGE_STANDARD = gnu11;
				GCC_NO_COMMON_BLOCKS = YES;
				GCC_WARN_64_TO_32_BIT_CONVERSION = YES;
				GCC_WARN_ABOUT_RETURN_TYPE = YES_ERROR;
				GCC_WARN_UNDECLARED_SELECTOR = YES;
				GCC_WARN_UNINITIALIZED_AUTOS = YES_AGGRESSIVE;
				GCC_WARN_UNUSED_FUNCTION = YES;
				GCC_WARN_UNUSED_VARIABLE = YES;
				IPHONEOS_DEPLOYMENT_TARGET = 12.1;
				MTL_ENABLE_DEBUG_INFO = NO;
				MTL_FAST_MATH = YES;
				SDKROOT = iphoneos;
				SWIFT_COMPILATION_MODE = wholemodule;
				SWIFT_OPTIMIZATION_LEVEL = "-O";
				VALIDATE_PRODUCT = YES;
			};
			name = Release;
		};
		22A12A0B220F1B6F0021AB38 /* Debug */ = {
			isa = XCBuildConfiguration;
			buildSettings = {
				ASSETCATALOG_COMPILER_APPICON_NAME = AppIcon;
				CODE_SIGN_STYLE = Automatic;
				DEVELOPMENT_TEAM = 54WG6D3NB5;
				INFOPLIST_FILE = "The Healer/Info.plist";
				LD_RUNPATH_SEARCH_PATHS = (
					"$(inherited)",
					"@executable_path/Frameworks",
				);
				PRODUCT_BUNDLE_IDENTIFIER = "net.alidion.The-Healer";
				PRODUCT_NAME = "$(TARGET_NAME)";
				SWIFT_VERSION = 4.2;
				TARGETED_DEVICE_FAMILY = "1,2";
			};
			name = Debug;
		};
		22A12A0C220F1B6F0021AB38 /* Release */ = {
			isa = XCBuildConfiguration;
			buildSettings = {
				ASSETCATALOG_COMPILER_APPICON_NAME = AppIcon;
				CODE_SIGN_STYLE = Automatic;
				DEVELOPMENT_TEAM = 54WG6D3NB5;
				INFOPLIST_FILE = "The Healer/Info.plist";
				LD_RUNPATH_SEARCH_PATHS = (
					"$(inherited)",
					"@executable_path/Frameworks",
				);
				PRODUCT_BUNDLE_IDENTIFIER = "net.alidion.The-Healer";
				PRODUCT_NAME = "$(TARGET_NAME)";
				SWIFT_VERSION = 4.2;
				TARGETED_DEVICE_FAMILY = "1,2";
			};
			name = Release;
		};
/* End XCBuildConfiguration section */

/* Begin XCConfigurationList section */
		22A129F3220F1B6D0021AB38 /* Build configuration list for PBXProject "The Healer" */ = {
			isa = XCConfigurationList;
			buildConfigurations = (
				22A12A08220F1B6F0021AB38 /* Debug */,
				22A12A09220F1B6F0021AB38 /* Release */,
			);
			defaultConfigurationIsVisible = 0;
			defaultConfigurationName = Release;
		};
		22A12A0A220F1B6F0021AB38 /* Build configuration list for PBXNativeTarget "The Healer" */ = {
			isa = XCConfigurationList;
			buildConfigurations = (
				22A12A0B220F1B6F0021AB38 /* Debug */,
				22A12A0C220F1B6F0021AB38 /* Release */,
			);
			defaultConfigurationIsVisible = 0;
			defaultConfigurationName = Release;
		};
/* End XCConfigurationList section */
	};
	rootObject = 22A129F0220F1B6D0021AB38 /* Project object */;
}
